
Microsoft Visual Studio Solution File, Format Version 11.00
# Visual Studio 2010
Project("{2150E333-8FDC-42A3-9474-1A3956D46DE8}") = "Testing", "Testing", "{76543D63-FDFF-46F0-99D7-74AB4CCE2E29}"
EndProject
Project("{FAE04EC0-301F-11D3-BF4B-00C04F79EFBC}") = "Gamification.Core", "src\Gamification\Gamification.Core.csproj", "{1BB43DAB-5363-498F-A72A-D24F1421AD4C}"
EndProject
Project("{FAE04EC0-301F-11D3-BF4B-00C04F79EFBC}") = "Gamification.Testing.Unit", "src\Gamification.Tests\Gamification.Testing.Unit.csproj", "{0AB7FE17-0607-4E60-AE3F-9B48480EEFA3}"
EndProject
Project("{FAE04EC0-301F-11D3-BF4B-00C04F79EFBC}") = "Gamification.Data.EF", "src\Gamification.Data\Gamification.Data.EF.csproj", "{F5B46435-5C62-4ECC-9B9E-E408F21105D2}"
EndProject
Project("{FAE04EC0-301F-11D3-BF4B-00C04F79EFBC}") = "Gamification.Testing.DbIntegration", "src\Gamification.Testing.DbIntegration\Gamification.Testing.DbIntegration.csproj", "{C38A9C18-632F-41ED-BD58-78D2FC1316F7}"
EndProject
Project("{FAE04EC0-301F-11D3-BF4B-00C04F79EFBC}") = "Gamification.IOC", "Gamification.IOC\Gamification.IOC.csproj", "{2FDFA0B5-26B2-4A80-8C6E-7E545D4D9949}"
EndProject
Project("{FAE04EC0-301F-11D3-BF4B-00C04F79EFBC}") = "Gamification.Testing.Utils", "src\Gamification.Testing.Utils\Gamification.Testing.Utils.csproj", "{1B41DCDC-6BC8-4AA6-AB8C-34ED83F74853}"
EndProject
Project("{FAE04EC0-301F-11D3-BF4B-00C04F79EFBC}") = "Gamification.Web", "src\Gamification.Web\Gamification.Web.csproj", "{F3368622-97A1-4844-94AF-AC24A0AFF192}"
EndProject
Project("{FAE04EC0-301F-11D3-BF4B-00C04F79EFBC}") = "Gamification.Services", "src\Gamification.Services\Gamification.Services.csproj", "{CDB2C820-5989-4278-883A-45F2C0179C48}"
EndProject
Global
	GlobalSection(SolutionConfigurationPlatforms) = preSolution
		Debug|Any CPU = Debug|Any CPU
		Release|Any CPU = Release|Any CPU
	EndGlobalSection
	GlobalSection(ProjectConfigurationPlatforms) = postSolution
		{1BB43DAB-5363-498F-A72A-D24F1421AD4C}.Debug|Any CPU.ActiveCfg = Debug|Any CPU
		{1BB43DAB-5363-498F-A72A-D24F1421AD4C}.Debug|Any CPU.Build.0 = Debug|Any CPU
		{1BB43DAB-5363-498F-A72A-D24F1421AD4C}.Release|Any CPU.ActiveCfg = Release|Any CPU
		{1BB43DAB-5363-498F-A72A-D24F1421AD4C}.Release|Any CPU.Build.0 = Release|Any CPU
		{0AB7FE17-0607-4E60-AE3F-9B48480EEFA3}.Debug|Any CPU.ActiveCfg = Debug|Any CPU
		{0AB7FE17-0607-4E60-AE3F-9B48480EEFA3}.Debug|Any CPU.Build.0 = Debug|Any CPU
		{0AB7FE17-0607-4E60-AE3F-9B48480EEFA3}.Release|Any CPU.ActiveCfg = Release|Any CPU
		{0AB7FE17-0607-4E60-AE3F-9B48480EEFA3}.Release|Any CPU.Build.0 = Release|Any CPU
		{F5B46435-5C62-4ECC-9B9E-E408F21105D2}.Debug|Any CPU.ActiveCfg = Debug|Any CPU
		{F5B46435-5C62-4ECC-9B9E-E408F21105D2}.Debug|Any CPU.Build.0 = Debug|Any CPU
		{F5B46435-5C62-4ECC-9B9E-E408F21105D2}.Release|Any CPU.ActiveCfg = Release|Any CPU
		{F5B46435-5C62-4ECC-9B9E-E408F21105D2}.Release|Any CPU.Build.0 = Release|Any CPU
		{C38A9C18-632F-41ED-BD58-78D2FC1316F7}.Debug|Any CPU.ActiveCfg = Debug|Any CPU
		{C38A9C18-632F-41ED-BD58-78D2FC1316F7}.Debug|Any CPU.Build.0 = Debug|Any CPU
		{C38A9C18-632F-41ED-BD58-78D2FC1316F7}.Release|Any CPU.ActiveCfg = Release|Any CPU
		{C38A9C18-632F-41ED-BD58-78D2FC1316F7}.Release|Any CPU.Build.0 = Release|Any CPU
		{2FDFA0B5-26B2-4A80-8C6E-7E545D4D9949}.Debug|Any CPU.ActiveCfg = Debug|Any CPU
		{2FDFA0B5-26B2-4A80-8C6E-7E545D4D9949}.Debug|Any CPU.Build.0 = Debug|Any CPU
		{2FDFA0B5-26B2-4A80-8C6E-7E545D4D9949}.Release|Any CPU.ActiveCfg = Release|Any CPU
		{2FDFA0B5-26B2-4A80-8C6E-7E545D4D9949}.Release|Any CPU.Build.0 = Release|Any CPU
		{1B41DCDC-6BC8-4AA6-AB8C-34ED83F74853}.Debug|Any CPU.ActiveCfg = Debug|Any CPU
		{1B41DCDC-6BC8-4AA6-AB8C-34ED83F74853}.Debug|Any CPU.Build.0 = Debug|Any CPU
		{1B41DCDC-6BC8-4AA6-AB8C-34ED83F74853}.Release|Any CPU.ActiveCfg = Release|Any CPU
		{1B41DCDC-6BC8-4AA6-AB8C-34ED83F74853}.Release|Any CPU.Build.0 = Release|Any CPU
		{F3368622-97A1-4844-94AF-AC24A0AFF192}.Debug|Any CPU.ActiveCfg = Debug|Any CPU
		{F3368622-97A1-4844-94AF-AC24A0AFF192}.Debug|Any CPU.Build.0 = Debug|Any CPU
		{F3368622-97A1-4844-94AF-AC24A0AFF192}.Release|Any CPU.ActiveCfg = Release|Any CPU
		{F3368622-97A1-4844-94AF-AC24A0AFF192}.Release|Any CPU.Build.0 = Release|Any CPU
		{CDB2C820-5989-4278-883A-45F2C0179C48}.Debug|Any CPU.ActiveCfg = Debug|Any CPU
		{CDB2C820-5989-4278-883A-45F2C0179C48}.Debug|Any CPU.Build.0 = Debug|Any CPU
		{CDB2C820-5989-4278-883A-45F2C0179C48}.Release|Any CPU.ActiveCfg = Release|Any CPU
		{CDB2C820-5989-4278-883A-45F2C0179C48}.Release|Any CPU.Build.0 = Release|Any CPU
	EndGlobalSection
	GlobalSection(SolutionProperties) = preSolution
		HideSolutionNode = FALSE
	EndGlobalSection
	GlobalSection(NestedProjects) = preSolution
		{0AB7FE17-0607-4E60-AE3F-9B48480EEFA3} = {76543D63-FDFF-46F0-99D7-74AB4CCE2E29}
		{C38A9C18-632F-41ED-BD58-78D2FC1316F7} = {76543D63-FDFF-46F0-99D7-74AB4CCE2E29}
		{1B41DCDC-6BC8-4AA6-AB8C-34ED83F74853} = {76543D63-FDFF-46F0-99D7-74AB4CCE2E29}
	EndGlobalSection
EndGlobal
